// !$*UTF8*$!
{
	archiveVersion = 1;
	classes = {
	};
	objectVersion = 54;
	objects = {

/* Begin PBXBuildFile section */
		02C2D6C9F62905FDDB0F9D66 /* Alamofire in Frameworks */ = {isa = PBXBuildFile; productRef = 7EF0B0D809338E1AA37449D0 /* Alamofire */; };
		0C02ACDE6D7965C605520623 /* SceneDelegate.swift in Sources */ = {isa = PBXBuildFile; fileRef = F285905CE2FCAD75EC7FD10F /* SceneDelegate.swift */; };
		0FF95E1124E77217AA47C847 /* SongViewModel.swift in Sources */ = {isa = PBXBuildFile; fileRef = 6D6DBED093E1018202074534 /* SongViewModel.swift */; };
		121462D74069A21507FEF266 /* MiniPlayerView.swift in Sources */ = {isa = PBXBuildFile; fileRef = 52C43C5D6D8FF98A33420F4F /* MiniPlayerView.swift */; };
		182D6300B1ED05A52641FC00 /* Domain.framework in Frameworks */ = {isa = PBXBuildFile; fileRef = 53FF68DFC3054B52BBE58BE8 /* Domain.framework */; };
		1A3AC3449CF04E4D43105360 /* XCTest.framework in Frameworks */ = {isa = PBXBuildFile; fileRef = BC3D41F203E8D8F0C71264CE /* XCTest.framework */; };
		1BD8E4F336F17E1AB45D2492 /* Domain.framework in Frameworks */ = {isa = PBXBuildFile; fileRef = 53FF68DFC3054B52BBE58BE8 /* Domain.framework */; };
		251ED7B1157DE5A14ACA2112 /* NetworkError.swift in Sources */ = {isa = PBXBuildFile; fileRef = 02A91FEFC34832BF7C60B085 /* NetworkError.swift */; };
		33CD7D643266F21CB7964D0A /* SongViewController.swift in Sources */ = {isa = PBXBuildFile; fileRef = 2313E22EF59C3D5AAB061ED5 /* SongViewController.swift */; };
		36AA48DEA3F9CA1F6C5D90A9 /* Domain.framework in Embed Frameworks */ = {isa = PBXBuildFile; fileRef = 53FF68DFC3054B52BBE58BE8 /* Domain.framework */; settings = {ATTRIBUTES = (CodeSignOnCopy, RemoveHeadersOnCopy, ); }; };
		382F43D79C8091483AF4190F /* Endpoints.swift in Sources */ = {isa = PBXBuildFile; fileRef = E3504A06E34F21F8C809BA93 /* Endpoints.swift */; };
		3847AD3050B545A4A14359A8 /* Assets.xcassets in Resources */ = {isa = PBXBuildFile; fileRef = 36B7A07026BD1352C197E2F0 /* Assets.xcassets */; };
		46F3EAD651CD1D9E7F446F0F /* Assets.xcassets in Resources */ = {isa = PBXBuildFile; fileRef = B7999F8D319C5F726E091EE0 /* Assets.xcassets */; };
		47819ED2E2D7D7956677FBFC /* Song.swift in Sources */ = {isa = PBXBuildFile; fileRef = E07FB3FAA4C44613407DA61D /* Song.swift */; };
		4A080FE08EDADEE1DCB13EDC /* Core.framework in Frameworks */ = {isa = PBXBuildFile; fileRef = EA6DD99E4F5000B644DE1CFF /* Core.framework */; };
		4A4522DCA9488624939DE945 /* Core.framework in Frameworks */ = {isa = PBXBuildFile; fileRef = EA6DD99E4F5000B644DE1CFF /* Core.framework */; };
		519CBDC30B33E2AED2A31ACE /* SongCellViewModel.swift in Sources */ = {isa = PBXBuildFile; fileRef = 20611001F752B925EBDF96C4 /* SongCellViewModel.swift */; };
		602EEB276F34E503C0F2CB85 /* InstagramCloning_Uikit.xcdatamodeld in Sources */ = {isa = PBXBuildFile; fileRef = C149BFBE4BC64817CF2C1402 /* InstagramCloning_Uikit.xcdatamodeld */; };
		62F13F6EC5B89A8C543E03E7 /* SearchSongUseCase.swift in Sources */ = {isa = PBXBuildFile; fileRef = 08F28F29D777E29D6FCB9977 /* SearchSongUseCase.swift */; };
		7DCD761B65AB985423B47907 /* APIClient.swift in Sources */ = {isa = PBXBuildFile; fileRef = 7C548220C2EBEEB4E4A21880 /* APIClient.swift */; };
		8C9953D76C0869A69025B724 /* SongDTO.swift in Sources */ = {isa = PBXBuildFile; fileRef = 9E8BAC431D828C797585C789 /* SongDTO.swift */; };
		999BC35D40E23C89588BF25F /* NetworkError.swift in Sources */ = {isa = PBXBuildFile; fileRef = 2968157AE786F0131334F240 /* NetworkError.swift */; };
		9C14F65942AE6ADD6D3F962B /* SongCell.swift in Sources */ = {isa = PBXBuildFile; fileRef = 056FC12D8640EA01448DB64B /* SongCell.swift */; };
		A268A6932DB99FADA9178713 /* XCTest.framework in Frameworks */ = {isa = PBXBuildFile; fileRef = BC3D41F203E8D8F0C71264CE /* XCTest.framework */; };
		A5651090BC2ED658DE03E461 /* Core.framework in Embed Frameworks */ = {isa = PBXBuildFile; fileRef = EA6DD99E4F5000B644DE1CFF /* Core.framework */; settings = {ATTRIBUTES = (CodeSignOnCopy, RemoveHeadersOnCopy, ); }; };
		A5A22C14D54A4ACF34794A26 /* MockURLProtocol.swift in Sources */ = {isa = PBXBuildFile; fileRef = A7AEC9EA981C44EC409D1419 /* MockURLProtocol.swift */; };
		A882628DB0C6476B1CEA9FF9 /* EndpointsTests.swift in Sources */ = {isa = PBXBuildFile; fileRef = FDD1BE952058AF22CF401DC9 /* EndpointsTests.swift */; };
		BC35C0968AFE18300318B384 /* Domain.framework in Embed Frameworks */ = {isa = PBXBuildFile; fileRef = 53FF68DFC3054B52BBE58BE8 /* Domain.framework */; settings = {ATTRIBUTES = (CodeSignOnCopy, RemoveHeadersOnCopy, ); }; };
		C8E9AB404A59AEC230537FDC /* MockNetworkService.swift in Sources */ = {isa = PBXBuildFile; fileRef = 88844DEACB12A02E7443823F /* MockNetworkService.swift */; };
		E277CFD176E0EF2BF4E0A9BF /* SearchSongsUseCaseTests.swift in Sources */ = {isa = PBXBuildFile; fileRef = B174958D366D6ADF789E0558 /* SearchSongsUseCaseTests.swift */; };
		E43B6B2B7B4C780B638EF81D /* Alamofire in Frameworks */ = {isa = PBXBuildFile; productRef = 699C1600C25C0414F115B700 /* Alamofire */; };
		E677FF4546D9CFADF8D71DE5 /* LaunchScreen.storyboard in Resources */ = {isa = PBXBuildFile; fileRef = C829FE6F83BF29A1E5E9CCA2 /* LaunchScreen.storyboard */; };
		E8ACBF3569D24BFB666540D8 /* APIClientTests.swift in Sources */ = {isa = PBXBuildFile; fileRef = 25A873BA2134003752FA2AF4 /* APIClientTests.swift */; };
		E8AEE65F506CED0338282E8C /* Extention.swift in Sources */ = {isa = PBXBuildFile; fileRef = 609AE3A6610A35DCBD28E467 /* Extention.swift */; };
		ED91A91A3B8161D723CB0208 /* AppDelegate.swift in Sources */ = {isa = PBXBuildFile; fileRef = F73206FD5D7EE60C21DB3359 /* AppDelegate.swift */; };
/* End PBXBuildFile section */

/* Begin PBXContainerItemProxy section */
		94170454B28DFDDA3B510CAA /* PBXContainerItemProxy */ = {
			isa = PBXContainerItemProxy;
			containerPortal = DA9A404443C0BCF551F1ACB8 /* Project object */;
			proxyType = 1;
			remoteGlobalIDString = 3B84F59A180A6FE97BCD43C2;
			remoteInfo = Core;
		};
		9F5D7DC7D4ED638B8651D0D6 /* PBXContainerItemProxy */ = {
			isa = PBXContainerItemProxy;
			containerPortal = DA9A404443C0BCF551F1ACB8 /* Project object */;
			proxyType = 1;
			remoteGlobalIDString = B9F1A5896A21FC0A166B9814;
			remoteInfo = Domain;
		};
		B6F27417308D6A16D1E223F2 /* PBXContainerItemProxy */ = {
			isa = PBXContainerItemProxy;
			containerPortal = DA9A404443C0BCF551F1ACB8 /* Project object */;
			proxyType = 1;
			remoteGlobalIDString = B9F1A5896A21FC0A166B9814;
			remoteInfo = Domain;
		};
		EA3A6CA3A0500FD610882245 /* PBXContainerItemProxy */ = {
			isa = PBXContainerItemProxy;
			containerPortal = DA9A404443C0BCF551F1ACB8 /* Project object */;
			proxyType = 1;
			remoteGlobalIDString = 3B84F59A180A6FE97BCD43C2;
			remoteInfo = Core;
		};
/* End PBXContainerItemProxy section */

/* Begin PBXCopyFilesBuildPhase section */
		5EA63493C0B23CB98CD02C16 /* Embed Frameworks */ = {
			isa = PBXCopyFilesBuildPhase;
			buildActionMask = 2147483647;
			dstPath = "";
			dstSubfolderSpec = 10;
			files = (
				36AA48DEA3F9CA1F6C5D90A9 /* Domain.framework in Embed Frameworks */,
			);
			name = "Embed Frameworks";
			runOnlyForDeploymentPostprocessing = 0;
		};
		A9C611C14F421B92EFB2498F /* Embed Frameworks */ = {
			isa = PBXCopyFilesBuildPhase;
			buildActionMask = 2147483647;
			dstPath = "";
			dstSubfolderSpec = 10;
			files = (
				BC35C0968AFE18300318B384 /* Domain.framework in Embed Frameworks */,
			);
			name = "Embed Frameworks";
			runOnlyForDeploymentPostprocessing = 0;
		};
		CCBBA8F9E6787CF9D9748665 /* Embed Frameworks */ = {
			isa = PBXCopyFilesBuildPhase;
			buildActionMask = 2147483647;
			dstPath = "";
			dstSubfolderSpec = 10;
			files = (
				A5651090BC2ED658DE03E461 /* Core.framework in Embed Frameworks */,
			);
			name = "Embed Frameworks";
			runOnlyForDeploymentPostprocessing = 0;
		};
/* End PBXCopyFilesBuildPhase section */

/* Begin PBXFileReference section */
		02A91FEFC34832BF7C60B085 /* NetworkError.swift */ = {isa = PBXFileReference; lastKnownFileType = sourcecode.swift; path = NetworkError.swift; sourceTree = "<group>"; };
		056FC12D8640EA01448DB64B /* SongCell.swift */ = {isa = PBXFileReference; lastKnownFileType = sourcecode.swift; path = SongCell.swift; sourceTree = "<group>"; };
		08F28F29D777E29D6FCB9977 /* SearchSongUseCase.swift */ = {isa = PBXFileReference; lastKnownFileType = sourcecode.swift; path = SearchSongUseCase.swift; sourceTree = "<group>"; };
		1F165F28BD576E7B5869D3B1 /* MusicPlayer_Nusatech.app */ = {isa = PBXFileReference; includeInIndex = 0; lastKnownFileType = wrapper.application; path = MusicPlayer_Nusatech.app; sourceTree = BUILT_PRODUCTS_DIR; };
		20611001F752B925EBDF96C4 /* SongCellViewModel.swift */ = {isa = PBXFileReference; lastKnownFileType = sourcecode.swift; path = SongCellViewModel.swift; sourceTree = "<group>"; };
		2313E22EF59C3D5AAB061ED5 /* SongViewController.swift */ = {isa = PBXFileReference; lastKnownFileType = sourcecode.swift; path = SongViewController.swift; sourceTree = "<group>"; };
		25A873BA2134003752FA2AF4 /* APIClientTests.swift */ = {isa = PBXFileReference; lastKnownFileType = sourcecode.swift; path = APIClientTests.swift; sourceTree = "<group>"; };
		2968157AE786F0131334F240 /* NetworkError.swift */ = {isa = PBXFileReference; lastKnownFileType = sourcecode.swift; path = NetworkError.swift; sourceTree = "<group>"; };
		36B7A07026BD1352C197E2F0 /* Assets.xcassets */ = {isa = PBXFileReference; lastKnownFileType = folder.assetcatalog; path = Assets.xcassets; sourceTree = "<group>"; };
		42525518BFA100F471AE66DF /* DomainTests.xctest */ = {isa = PBXFileReference; includeInIndex = 0; lastKnownFileType = wrapper.cfbundle; path = DomainTests.xctest; sourceTree = BUILT_PRODUCTS_DIR; };
		5105B32BBFC61C198561EEA3 /* CoreTests.xctest */ = {isa = PBXFileReference; includeInIndex = 0; lastKnownFileType = wrapper.cfbundle; path = CoreTests.xctest; sourceTree = BUILT_PRODUCTS_DIR; };
		52C43C5D6D8FF98A33420F4F /* MiniPlayerView.swift */ = {isa = PBXFileReference; lastKnownFileType = sourcecode.swift; path = MiniPlayerView.swift; sourceTree = "<group>"; };
		53FF68DFC3054B52BBE58BE8 /* Domain.framework */ = {isa = PBXFileReference; explicitFileType = wrapper.framework; includeInIndex = 0; path = Domain.framework; sourceTree = BUILT_PRODUCTS_DIR; };
		609AE3A6610A35DCBD28E467 /* Extention.swift */ = {isa = PBXFileReference; lastKnownFileType = sourcecode.swift; path = Extention.swift; sourceTree = "<group>"; };
		68509B6EF616304582AD1BA5 /* Base */ = {isa = PBXFileReference; lastKnownFileType = file.storyboard; name = Base; path = Base.lproj/LaunchScreen.storyboard; sourceTree = "<group>"; };
		6D6DBED093E1018202074534 /* SongViewModel.swift */ = {isa = PBXFileReference; lastKnownFileType = sourcecode.swift; path = SongViewModel.swift; sourceTree = "<group>"; };
		6DA5914F88FF47DED820CD24 /* Info.plist */ = {isa = PBXFileReference; lastKnownFileType = text.plist; path = Info.plist; sourceTree = "<group>"; };
		7C548220C2EBEEB4E4A21880 /* APIClient.swift */ = {isa = PBXFileReference; lastKnownFileType = sourcecode.swift; path = APIClient.swift; sourceTree = "<group>"; };
		88844DEACB12A02E7443823F /* MockNetworkService.swift */ = {isa = PBXFileReference; lastKnownFileType = sourcecode.swift; path = MockNetworkService.swift; sourceTree = "<group>"; };
		9E8BAC431D828C797585C789 /* SongDTO.swift */ = {isa = PBXFileReference; lastKnownFileType = sourcecode.swift; path = SongDTO.swift; sourceTree = "<group>"; };
		A7AEC9EA981C44EC409D1419 /* MockURLProtocol.swift */ = {isa = PBXFileReference; lastKnownFileType = sourcecode.swift; path = MockURLProtocol.swift; sourceTree = "<group>"; };
		B174958D366D6ADF789E0558 /* SearchSongsUseCaseTests.swift */ = {isa = PBXFileReference; lastKnownFileType = sourcecode.swift; path = SearchSongsUseCaseTests.swift; sourceTree = "<group>"; };
		B7999F8D319C5F726E091EE0 /* Assets.xcassets */ = {isa = PBXFileReference; lastKnownFileType = folder.assetcatalog; path = Assets.xcassets; sourceTree = "<group>"; };
		BC3D41F203E8D8F0C71264CE /* XCTest.framework */ = {isa = PBXFileReference; lastKnownFileType = wrapper.framework; name = XCTest.framework; path = System/Library/Frameworks/XCTest.framework; sourceTree = SDKROOT; };
		E07FB3FAA4C44613407DA61D /* Song.swift */ = {isa = PBXFileReference; lastKnownFileType = sourcecode.swift; path = Song.swift; sourceTree = "<group>"; };
		E3504A06E34F21F8C809BA93 /* Endpoints.swift */ = {isa = PBXFileReference; lastKnownFileType = sourcecode.swift; path = Endpoints.swift; sourceTree = "<group>"; };
		EA6DD99E4F5000B644DE1CFF /* Core.framework */ = {isa = PBXFileReference; explicitFileType = wrapper.framework; includeInIndex = 0; path = Core.framework; sourceTree = BUILT_PRODUCTS_DIR; };
		F1214C8C5022FCD6AEFFE9EC /* InstagramCloning_Uikit.xcdatamodel */ = {isa = PBXFileReference; lastKnownFileType = wrapper.xcdatamodel; path = InstagramCloning_Uikit.xcdatamodel; sourceTree = "<group>"; };
		F285905CE2FCAD75EC7FD10F /* SceneDelegate.swift */ = {isa = PBXFileReference; lastKnownFileType = sourcecode.swift; path = SceneDelegate.swift; sourceTree = "<group>"; };
		F73206FD5D7EE60C21DB3359 /* AppDelegate.swift */ = {isa = PBXFileReference; lastKnownFileType = sourcecode.swift; path = AppDelegate.swift; sourceTree = "<group>"; };
		FDD1BE952058AF22CF401DC9 /* EndpointsTests.swift */ = {isa = PBXFileReference; lastKnownFileType = sourcecode.swift; path = EndpointsTests.swift; sourceTree = "<group>"; };
/* End PBXFileReference section */

/* Begin PBXFrameworksBuildPhase section */
		1C381283352D41936B2E80D4 /* Frameworks */ = {
			isa = PBXFrameworksBuildPhase;
			buildActionMask = 2147483647;
			files = (
				4A4522DCA9488624939DE945 /* Core.framework in Frameworks */,
				1A3AC3449CF04E4D43105360 /* XCTest.framework in Frameworks */,
				E43B6B2B7B4C780B638EF81D /* Alamofire in Frameworks */,
			);
			runOnlyForDeploymentPostprocessing = 0;
		};
		931C72307DB2915F0DDA89E1 /* Frameworks */ = {
			isa = PBXFrameworksBuildPhase;
			buildActionMask = 2147483647;
			files = (
				02C2D6C9F62905FDDB0F9D66 /* Alamofire in Frameworks */,
			);
			runOnlyForDeploymentPostprocessing = 0;
		};
		C5147BD2175D17680DCB3FFA /* Frameworks */ = {
			isa = PBXFrameworksBuildPhase;
			buildActionMask = 2147483647;
			files = (
				1BD8E4F336F17E1AB45D2492 /* Domain.framework in Frameworks */,
			);
			runOnlyForDeploymentPostprocessing = 0;
		};
		DDA9C5071BD02F07E1E9227B /* Frameworks */ = {
			isa = PBXFrameworksBuildPhase;
			buildActionMask = 2147483647;
			files = (
				4A080FE08EDADEE1DCB13EDC /* Core.framework in Frameworks */,
			);
			runOnlyForDeploymentPostprocessing = 0;
		};
		F72EF0F53AD3162D9234D971 /* Frameworks */ = {
			isa = PBXFrameworksBuildPhase;
			buildActionMask = 2147483647;
			files = (
				182D6300B1ED05A52641FC00 /* Domain.framework in Frameworks */,
				A268A6932DB99FADA9178713 /* XCTest.framework in Frameworks */,
			);
			runOnlyForDeploymentPostprocessing = 0;
		};
/* End PBXFrameworksBuildPhase section */

/* Begin PBXGroup section */
		0138C65106D9430F06650709 /* Tests */ = {
			isa = PBXGroup;
			children = (
				25A873BA2134003752FA2AF4 /* APIClientTests.swift */,
				FDD1BE952058AF22CF401DC9 /* EndpointsTests.swift */,
				A7AEC9EA981C44EC409D1419 /* MockURLProtocol.swift */,
			);
			name = Tests;
			path = Tests;
			sourceTree = "<group>";
		};
		06CD063573118238231C1282 /* Models */ = {
			isa = PBXGroup;
			children = (
				9E8BAC431D828C797585C789 /* SongDTO.swift */,
			);
			path = Models;
			sourceTree = "<group>";
		};
		1E0686CD3358CF4CAECA5D5C /* DetailListSongCell */ = {
			isa = PBXGroup;
			children = (
				056FC12D8640EA01448DB64B /* SongCell.swift */,
			);
			path = DetailListSongCell;
			sourceTree = "<group>";
		};
		264AC2F7A13B8DC6A731BD8C /* Networking */ = {
			isa = PBXGroup;
			children = (
				7C548220C2EBEEB4E4A21880 /* APIClient.swift */,
				E3504A06E34F21F8C809BA93 /* Endpoints.swift */,
				02A91FEFC34832BF7C60B085 /* NetworkError.swift */,
				06CD063573118238231C1282 /* Models */,
			);
			path = Networking;
			sourceTree = "<group>";
		};
		30F479CDF1C856CE70F38E53 /* Products */ = {
			isa = PBXGroup;
			children = (
				EA6DD99E4F5000B644DE1CFF /* Core.framework */,
				5105B32BBFC61C198561EEA3 /* CoreTests.xctest */,
				53FF68DFC3054B52BBE58BE8 /* Domain.framework */,
				42525518BFA100F471AE66DF /* DomainTests.xctest */,
				1F165F28BD576E7B5869D3B1 /* MusicPlayer_Nusatech.app */,
			);
			name = Products;
			sourceTree = "<group>";
		};
		38FD8F1ECA249CCAB58F7C41 /* sources */ = {
			isa = PBXGroup;
			children = (
				B306AC39997A2A241B9173AB /* Entities */,
				83FC242D6A040BAA69FE4149 /* Error */,
				9B50701A3F7D272A3546FDD1 /* UseCase */,
			);
			name = sources;
			path = sources;
			sourceTree = "<group>";
		};
		3EE3D4327AE35DF019D1BDAF /* resources */ = {
			isa = PBXGroup;
			children = (
				B7999F8D319C5F726E091EE0 /* Assets.xcassets */,
			);
			name = resources;
			path = resources;
			sourceTree = "<group>";
		};
		582BEEE1A547CE248A209015 /* sources */ = {
			isa = PBXGroup;
			children = (
				264AC2F7A13B8DC6A731BD8C /* Networking */,
			);
			name = sources;
			path = sources;
			sourceTree = "<group>";
		};
		698BCB81D47B42417E9879A3 /* Frameworks */ = {
			isa = PBXGroup;
			children = (
				BC3D41F203E8D8F0C71264CE /* XCTest.framework */,
			);
			name = Frameworks;
			sourceTree = "<group>";
		};
		7E787CE31ECC1AA511D05E1F /* ViewModel */ = {
			isa = PBXGroup;
			children = (
				20611001F752B925EBDF96C4 /* SongCellViewModel.swift */,
				6D6DBED093E1018202074534 /* SongViewModel.swift */,
			);
			path = ViewModel;
			sourceTree = "<group>";
		};
		83FC242D6A040BAA69FE4149 /* Error */ = {
			isa = PBXGroup;
			children = (
				2968157AE786F0131334F240 /* NetworkError.swift */,
			);
			path = Error;
			sourceTree = "<group>";
		};
		866B95A247F50A92B903979D /* core */ = {
			isa = PBXGroup;
			children = (
				3EE3D4327AE35DF019D1BDAF /* resources */,
				582BEEE1A547CE248A209015 /* sources */,
				0138C65106D9430F06650709 /* Tests */,
			);
			path = core;
			sourceTree = "<group>";
		};
		89861A89B96B17179619F0C4 /* app */ = {
			isa = PBXGroup;
			children = (
				6DA5914F88FF47DED820CD24 /* Info.plist */,
				B6B8AD09E8B051A5E882A3F9 /* resources */,
				9A746DBDFD7838920BF86F62 /* sources */,
			);
			path = app;
			sourceTree = "<group>";
		};
		90E9B2FA88A025AC0CC0B30F /* LaunchScreen */ = {
			isa = PBXGroup;
			children = (
				C829FE6F83BF29A1E5E9CCA2 /* LaunchScreen.storyboard */,
			);
			path = LaunchScreen;
			sourceTree = "<group>";
		};
		9A746DBDFD7838920BF86F62 /* sources */ = {
			isa = PBXGroup;
			children = (
				F73206FD5D7EE60C21DB3359 /* AppDelegate.swift */,
				F285905CE2FCAD75EC7FD10F /* SceneDelegate.swift */,
				90E9B2FA88A025AC0CC0B30F /* LaunchScreen */,
				F7C37A4421D42F379489FC45 /* Utilities */,
				7E787CE31ECC1AA511D05E1F /* ViewModel */,
				F0598EE58D9DB7D5AD3993A9 /* Views */,
			);
			name = sources;
			path = sources;
			sourceTree = "<group>";
		};
		9B50701A3F7D272A3546FDD1 /* UseCase */ = {
			isa = PBXGroup;
			children = (
				08F28F29D777E29D6FCB9977 /* SearchSongUseCase.swift */,
			);
			path = UseCase;
			sourceTree = "<group>";
		};
		9C787B3C2AFB9EEEB069D707 /* Tests */ = {
			isa = PBXGroup;
			children = (
				88844DEACB12A02E7443823F /* MockNetworkService.swift */,
				B174958D366D6ADF789E0558 /* SearchSongsUseCaseTests.swift */,
			);
			name = Tests;
			path = Tests;
			sourceTree = "<group>";
		};
		AA20A8D492526DE78A6E020B = {
			isa = PBXGroup;
			children = (
				89861A89B96B17179619F0C4 /* app */,
				866B95A247F50A92B903979D /* core */,
				F16039E91191AFCA340C567A /* domain */,
				698BCB81D47B42417E9879A3 /* Frameworks */,
				30F479CDF1C856CE70F38E53 /* Products */,
			);
			sourceTree = "<group>";
		};
		B306AC39997A2A241B9173AB /* Entities */ = {
			isa = PBXGroup;
			children = (
				E07FB3FAA4C44613407DA61D /* Song.swift */,
			);
			path = Entities;
			sourceTree = "<group>";
		};
		B6B8AD09E8B051A5E882A3F9 /* resources */ = {
			isa = PBXGroup;
			children = (
				36B7A07026BD1352C197E2F0 /* Assets.xcassets */,
				C149BFBE4BC64817CF2C1402 /* InstagramCloning_Uikit.xcdatamodeld */,
			);
			name = resources;
			path = resources;
			sourceTree = "<group>";
		};
		F00E743754E5B557CF70DB17 /* ListSong */ = {
			isa = PBXGroup;
			children = (
				52C43C5D6D8FF98A33420F4F /* MiniPlayerView.swift */,
				2313E22EF59C3D5AAB061ED5 /* SongViewController.swift */,
			);
			path = ListSong;
			sourceTree = "<group>";
		};
		F0598EE58D9DB7D5AD3993A9 /* Views */ = {
			isa = PBXGroup;
			children = (
				1E0686CD3358CF4CAECA5D5C /* DetailListSongCell */,
				F00E743754E5B557CF70DB17 /* ListSong */,
			);
			path = Views;
			sourceTree = "<group>";
		};
		F16039E91191AFCA340C567A /* domain */ = {
			isa = PBXGroup;
			children = (
				38FD8F1ECA249CCAB58F7C41 /* sources */,
				9C787B3C2AFB9EEEB069D707 /* Tests */,
			);
			path = domain;
			sourceTree = "<group>";
		};
		F7C37A4421D42F379489FC45 /* Utilities */ = {
			isa = PBXGroup;
			children = (
				609AE3A6610A35DCBD28E467 /* Extention.swift */,
			);
			path = Utilities;
			sourceTree = "<group>";
		};
/* End PBXGroup section */

/* Begin PBXNativeTarget section */
		1F19E626BB79B829FC7AB3BB /* MusicPlayer_Nusatech */ = {
			isa = PBXNativeTarget;
			buildConfigurationList = EB96CDC1B6158380CC58CFB0 /* Build configuration list for PBXNativeTarget "MusicPlayer_Nusatech" */;
			buildPhases = (
				14112C74770C60A20A877735 /* Sources */,
				10470F9AF093CA6279106F7B /* Resources */,
				C5147BD2175D17680DCB3FFA /* Frameworks */,
				5EA63493C0B23CB98CD02C16 /* Embed Frameworks */,
			);
			buildRules = (
			);
			dependencies = (
				43B87C1225DAC1A64BA62689 /* PBXTargetDependency */,
			);
			name = MusicPlayer_Nusatech;
			productName = MusicPlayer_Nusatech;
			productReference = 1F165F28BD576E7B5869D3B1 /* MusicPlayer_Nusatech.app */;
			productType = "com.apple.product-type.application";
		};
		378F98D474356A885F0E8E97 /* DomainTests */ = {
			isa = PBXNativeTarget;
			buildConfigurationList = 36D944F9F64D5735A6EF4F0D /* Build configuration list for PBXNativeTarget "DomainTests" */;
			buildPhases = (
				8668FF6B6E303D93CFF8D67E /* Sources */,
				F72EF0F53AD3162D9234D971 /* Frameworks */,
				A9C611C14F421B92EFB2498F /* Embed Frameworks */,
			);
			buildRules = (
			);
			dependencies = (
				A35B5FBD9AEF1817DAB2A06E /* PBXTargetDependency */,
			);
			name = DomainTests;
			productName = DomainTests;
			productReference = 42525518BFA100F471AE66DF /* DomainTests.xctest */;
			productType = "com.apple.product-type.bundle.unit-test";
		};
		3B84F59A180A6FE97BCD43C2 /* Core */ = {
			isa = PBXNativeTarget;
			buildConfigurationList = 890192C2E441E576C36071D2 /* Build configuration list for PBXNativeTarget "Core" */;
			buildPhases = (
				D1414BEC50F266B216CDD709 /* Sources */,
				661FF3E89124BD729D4CD027 /* Resources */,
				931C72307DB2915F0DDA89E1 /* Frameworks */,
			);
			buildRules = (
			);
			dependencies = (
			);
			name = Core;
			packageProductDependencies = (
				7EF0B0D809338E1AA37449D0 /* Alamofire */,
			);
			productName = Core;
			productReference = EA6DD99E4F5000B644DE1CFF /* Core.framework */;
			productType = "com.apple.product-type.framework";
		};
		B9F1A5896A21FC0A166B9814 /* Domain */ = {
			isa = PBXNativeTarget;
			buildConfigurationList = DBAF50A43ADE49CA09BA5929 /* Build configuration list for PBXNativeTarget "Domain" */;
			buildPhases = (
				A4727559A0BB074EAEF5A927 /* Sources */,
				DDA9C5071BD02F07E1E9227B /* Frameworks */,
			);
			buildRules = (
			);
			dependencies = (
				BA18EBA7697C687FFCE6173A /* PBXTargetDependency */,
			);
			name = Domain;
			productName = Domain;
			productReference = 53FF68DFC3054B52BBE58BE8 /* Domain.framework */;
			productType = "com.apple.product-type.framework";
		};
		FE0CFAE352462DAD2CDBDBD6 /* CoreTests */ = {
			isa = PBXNativeTarget;
			buildConfigurationList = 282B2787969F3354053E4138 /* Build configuration list for PBXNativeTarget "CoreTests" */;
			buildPhases = (
				A0EBE63B3C9C381D366DC57A /* Sources */,
				1C381283352D41936B2E80D4 /* Frameworks */,
				CCBBA8F9E6787CF9D9748665 /* Embed Frameworks */,
			);
			buildRules = (
			);
			dependencies = (
				ABC0BEE3BF086FEB5A2B374E /* PBXTargetDependency */,
			);
			name = CoreTests;
			packageProductDependencies = (
				699C1600C25C0414F115B700 /* Alamofire */,
			);
			productName = CoreTests;
			productReference = 5105B32BBFC61C198561EEA3 /* CoreTests.xctest */;
			productType = "com.apple.product-type.bundle.unit-test";
		};
/* End PBXNativeTarget section */

/* Begin PBXProject section */
		DA9A404443C0BCF551F1ACB8 /* Project object */ = {
			isa = PBXProject;
			attributes = {
				BuildIndependentTargetsInParallel = YES;
				LastUpgradeCheck = 1430;
				TargetAttributes = {
				};
			};
			buildConfigurationList = 2039FF5C992AA5F9F7EF6E0B /* Build configuration list for PBXProject "MusicPlayer_Nusatech" */;
			compatibilityVersion = "Xcode 14.0";
			developmentRegion = en;
			hasScannedForEncodings = 0;
			knownRegions = (
				Base,
				en,
			);
			mainGroup = AA20A8D492526DE78A6E020B;
			packageReferences = (
				CC64AF1B9E2021C54B179747 /* XCRemoteSwiftPackageReference "Alamofire" */,
			);
			projectDirPath = "";
			projectRoot = "";
			targets = (
				3B84F59A180A6FE97BCD43C2 /* Core */,
				FE0CFAE352462DAD2CDBDBD6 /* CoreTests */,
				B9F1A5896A21FC0A166B9814 /* Domain */,
				378F98D474356A885F0E8E97 /* DomainTests */,
				1F19E626BB79B829FC7AB3BB /* MusicPlayer_Nusatech */,
			);
		};
/* End PBXProject section */

/* Begin PBXResourcesBuildPhase section */
		10470F9AF093CA6279106F7B /* Resources */ = {
			isa = PBXResourcesBuildPhase;
			buildActionMask = 2147483647;
			files = (
				3847AD3050B545A4A14359A8 /* Assets.xcassets in Resources */,
				E677FF4546D9CFADF8D71DE5 /* LaunchScreen.storyboard in Resources */,
			);
			runOnlyForDeploymentPostprocessing = 0;
		};
		661FF3E89124BD729D4CD027 /* Resources */ = {
			isa = PBXResourcesBuildPhase;
			buildActionMask = 2147483647;
			files = (
				46F3EAD651CD1D9E7F446F0F /* Assets.xcassets in Resources */,
			);
			runOnlyForDeploymentPostprocessing = 0;
		};
/* End PBXResourcesBuildPhase section */

/* Begin PBXSourcesBuildPhase section */
		14112C74770C60A20A877735 /* Sources */ = {
			isa = PBXSourcesBuildPhase;
			buildActionMask = 2147483647;
			files = (
				ED91A91A3B8161D723CB0208 /* AppDelegate.swift in Sources */,
				E8AEE65F506CED0338282E8C /* Extention.swift in Sources */,
				602EEB276F34E503C0F2CB85 /* InstagramCloning_Uikit.xcdatamodeld in Sources */,
				121462D74069A21507FEF266 /* MiniPlayerView.swift in Sources */,
				0C02ACDE6D7965C605520623 /* SceneDelegate.swift in Sources */,
				9C14F65942AE6ADD6D3F962B /* SongCell.swift in Sources */,
				519CBDC30B33E2AED2A31ACE /* SongCellViewModel.swift in Sources */,
				33CD7D643266F21CB7964D0A /* SongViewController.swift in Sources */,
				0FF95E1124E77217AA47C847 /* SongViewModel.swift in Sources */,
			);
			runOnlyForDeploymentPostprocessing = 0;
		};
		8668FF6B6E303D93CFF8D67E /* Sources */ = {
			isa = PBXSourcesBuildPhase;
			buildActionMask = 2147483647;
			files = (
				C8E9AB404A59AEC230537FDC /* MockNetworkService.swift in Sources */,
				E277CFD176E0EF2BF4E0A9BF /* SearchSongsUseCaseTests.swift in Sources */,
			);
			runOnlyForDeploymentPostprocessing = 0;
		};
		A0EBE63B3C9C381D366DC57A /* Sources */ = {
			isa = PBXSourcesBuildPhase;
			buildActionMask = 2147483647;
			files = (
				E8ACBF3569D24BFB666540D8 /* APIClientTests.swift in Sources */,
				A882628DB0C6476B1CEA9FF9 /* EndpointsTests.swift in Sources */,
				A5A22C14D54A4ACF34794A26 /* MockURLProtocol.swift in Sources */,
			);
			runOnlyForDeploymentPostprocessing = 0;
		};
		A4727559A0BB074EAEF5A927 /* Sources */ = {
			isa = PBXSourcesBuildPhase;
			buildActionMask = 2147483647;
			files = (
				999BC35D40E23C89588BF25F /* NetworkError.swift in Sources */,
				62F13F6EC5B89A8C543E03E7 /* SearchSongUseCase.swift in Sources */,
				47819ED2E2D7D7956677FBFC /* Song.swift in Sources */,
			);
			runOnlyForDeploymentPostprocessing = 0;
		};
		D1414BEC50F266B216CDD709 /* Sources */ = {
			isa = PBXSourcesBuildPhase;
			buildActionMask = 2147483647;
			files = (
				7DCD761B65AB985423B47907 /* APIClient.swift in Sources */,
				382F43D79C8091483AF4190F /* Endpoints.swift in Sources */,
				251ED7B1157DE5A14ACA2112 /* NetworkError.swift in Sources */,
				8C9953D76C0869A69025B724 /* SongDTO.swift in Sources */,
			);
			runOnlyForDeploymentPostprocessing = 0;
		};
/* End PBXSourcesBuildPhase section */

/* Begin PBXTargetDependency section */
		43B87C1225DAC1A64BA62689 /* PBXTargetDependency */ = {
			isa = PBXTargetDependency;
			target = B9F1A5896A21FC0A166B9814 /* Domain */;
			targetProxy = B6F27417308D6A16D1E223F2 /* PBXContainerItemProxy */;
		};
		A35B5FBD9AEF1817DAB2A06E /* PBXTargetDependency */ = {
			isa = PBXTargetDependency;
			target = B9F1A5896A21FC0A166B9814 /* Domain */;
			targetProxy = 9F5D7DC7D4ED638B8651D0D6 /* PBXContainerItemProxy */;
		};
		ABC0BEE3BF086FEB5A2B374E /* PBXTargetDependency */ = {
			isa = PBXTargetDependency;
			target = 3B84F59A180A6FE97BCD43C2 /* Core */;
			targetProxy = EA3A6CA3A0500FD610882245 /* PBXContainerItemProxy */;
		};
		BA18EBA7697C687FFCE6173A /* PBXTargetDependency */ = {
			isa = PBXTargetDependency;
			target = 3B84F59A180A6FE97BCD43C2 /* Core */;
			targetProxy = 94170454B28DFDDA3B510CAA /* PBXContainerItemProxy */;
		};
/* End PBXTargetDependency section */

/* Begin PBXVariantGroup section */
		C829FE6F83BF29A1E5E9CCA2 /* LaunchScreen.storyboard */ = {
			isa = PBXVariantGroup;
			children = (
				68509B6EF616304582AD1BA5 /* Base */,
			);
			name = LaunchScreen.storyboard;
			sourceTree = "<group>";
		};
/* End PBXVariantGroup section */

/* Begin XCBuildConfiguration section */
		173F911405AF914BEC974873 /* Debug */ = {
			isa = XCBuildConfiguration;
			buildSettings = {
				CODE_SIGN_IDENTITY = "";
				CURRENT_PROJECT_VERSION = 1;
				DEFINES_MODULE = YES;
				DYLIB_COMPATIBILITY_VERSION = 1;
				DYLIB_CURRENT_VERSION = 1;
				DYLIB_INSTALL_NAME_BASE = "@rpath";
				INFOPLIST_FILE = core/Info.plist;
				INSTALL_PATH = "$(LOCAL_LIBRARY_DIR)/Frameworks";
				IPHONEOS_DEPLOYMENT_TARGET = 15.0;
				LD_RUNPATH_SEARCH_PATHS = (
					"$(inherited)",
					"@executable_path/Frameworks",
				);
				PRODUCT_BUNDLE_IDENTIFIER = com.musicplayer.nusatech.core;
				SDKROOT = iphoneos;
				SKIP_INSTALL = YES;
				TARGETED_DEVICE_FAMILY = "1,2";
				VERSIONING_SYSTEM = "apple-generic";
			};
			name = Debug;
		};
		1A7895CEFD2F939AF125B15E /* Release */ = {
			isa = XCBuildConfiguration;
			buildSettings = {
				CODE_SIGN_IDENTITY = "";
				CURRENT_PROJECT_VERSION = 1;
				DEFINES_MODULE = YES;
				DYLIB_COMPATIBILITY_VERSION = 1;
				DYLIB_CURRENT_VERSION = 1;
				DYLIB_INSTALL_NAME_BASE = "@rpath";
				INFOPLIST_FILE = domain/Info.plist;
				INSTALL_PATH = "$(LOCAL_LIBRARY_DIR)/Frameworks";
				IPHONEOS_DEPLOYMENT_TARGET = 15.0;
				LD_RUNPATH_SEARCH_PATHS = (
					"$(inherited)",
					"@executable_path/Frameworks",
				);
				PRODUCT_BUNDLE_IDENTIFIER = com.musicplayer.nusatech.domain;
				SDKROOT = iphoneos;
				SKIP_INSTALL = YES;
				TARGETED_DEVICE_FAMILY = "1,2";
				VERSIONING_SYSTEM = "apple-generic";
			};
			name = Release;
		};
		24D492718D0B67AF21B372D9 /* Release */ = {
			isa = XCBuildConfiguration;
			buildSettings = {
				ALWAYS_SEARCH_USER_PATHS = NO;
				CLANG_ANALYZER_NONNULL = YES;
				CLANG_ANALYZER_NUMBER_OBJECT_CONVERSION = YES_AGGRESSIVE;
				CLANG_CXX_LANGUAGE_STANDARD = "gnu++14";
				CLANG_CXX_LIBRARY = "libc++";
				CLANG_ENABLE_MODULES = YES;
				CLANG_ENABLE_OBJC_ARC = YES;
				CLANG_ENABLE_OBJC_WEAK = YES;
				CLANG_WARN_BLOCK_CAPTURE_AUTORELEASING = YES;
				CLANG_WARN_BOOL_CONVERSION = YES;
				CLANG_WARN_COMMA = YES;
				CLANG_WARN_CONSTANT_CONVERSION = YES;
				CLANG_WARN_DEPRECATED_OBJC_IMPLEMENTATIONS = YES;
				CLANG_WARN_DIRECT_OBJC_ISA_USAGE = YES_ERROR;
				CLANG_WARN_DOCUMENTATION_COMMENTS = YES;
				CLANG_WARN_EMPTY_BODY = YES;
				CLANG_WARN_ENUM_CONVERSION = YES;
				CLANG_WARN_INFINITE_RECURSION = YES;
				CLANG_WARN_INT_CONVERSION = YES;
				CLANG_WARN_NON_LITERAL_NULL_CONVERSION = YES;
				CLANG_WARN_OBJC_IMPLICIT_RETAIN_SELF = YES;
				CLANG_WARN_OBJC_LITERAL_CONVERSION = YES;
				CLANG_WARN_OBJC_ROOT_CLASS = YES_ERROR;
				CLANG_WARN_QUOTED_INCLUDE_IN_FRAMEWORK_HEADER = YES;
				CLANG_WARN_RANGE_LOOP_ANALYSIS = YES;
				CLANG_WARN_STRICT_PROTOTYPES = YES;
				CLANG_WARN_SUSPICIOUS_MOVE = YES;
				CLANG_WARN_UNGUARDED_AVAILABILITY = YES_AGGRESSIVE;
				CLANG_WARN_UNREACHABLE_CODE = YES;
				CLANG_WARN__DUPLICATE_METHOD_MATCH = YES;
				COPY_PHASE_STRIP = NO;
				CURRENT_PROJECT_VERSION = 14;
				DEBUG_INFORMATION_FORMAT = "dwarf-with-dsym";
				ENABLE_NS_ASSERTIONS = NO;
				ENABLE_STRICT_OBJC_MSGSEND = YES;
				GCC_C_LANGUAGE_STANDARD = gnu11;
				GCC_NO_COMMON_BLOCKS = YES;
				GCC_WARN_64_TO_32_BIT_CONVERSION = YES;
				GCC_WARN_ABOUT_RETURN_TYPE = YES_ERROR;
				GCC_WARN_UNDECLARED_SELECTOR = YES;
				GCC_WARN_UNINITIALIZED_AUTOS = YES_AGGRESSIVE;
				GCC_WARN_UNUSED_FUNCTION = YES;
				GCC_WARN_UNUSED_VARIABLE = YES;
				IPHONEOS_DEPLOYMENT_TARGET = 15.0;
				MARKETING_VERSION = 1.3.3;
				MTL_ENABLE_DEBUG_INFO = NO;
				MTL_FAST_MATH = YES;
				PRODUCT_NAME = "$(TARGET_NAME)";
				SDKROOT = iphoneos;
				SWIFT_COMPILATION_MODE = wholemodule;
				SWIFT_OPTIMIZATION_LEVEL = "-O";
				SWIFT_VERSION = 5.0;
			};
			name = Release;
		};
		3C6E4EA1F34F367CC51B8DFA /* Release */ = {
			isa = XCBuildConfiguration;
			buildSettings = {
				CODE_SIGN_IDENTITY = "";
				CURRENT_PROJECT_VERSION = 1;
				DEFINES_MODULE = YES;
				DYLIB_COMPATIBILITY_VERSION = 1;
				DYLIB_CURRENT_VERSION = 1;
				DYLIB_INSTALL_NAME_BASE = "@rpath";
				INFOPLIST_FILE = core/Info.plist;
				INSTALL_PATH = "$(LOCAL_LIBRARY_DIR)/Frameworks";
				IPHONEOS_DEPLOYMENT_TARGET = 15.0;
				LD_RUNPATH_SEARCH_PATHS = (
					"$(inherited)",
					"@executable_path/Frameworks",
				);
				PRODUCT_BUNDLE_IDENTIFIER = com.musicplayer.nusatech.core;
				SDKROOT = iphoneos;
				SKIP_INSTALL = YES;
				TARGETED_DEVICE_FAMILY = "1,2";
				VERSIONING_SYSTEM = "apple-generic";
			};
			name = Release;
		};
		47C970677C4013802DDE9177 /* Debug */ = {
			isa = XCBuildConfiguration;
			buildSettings = {
				BUNDLE_LOADER = "$(TEST_HOST)";
				INFOPLIST_FILE = "core/CoreTests-Info.plist";
				LD_RUNPATH_SEARCH_PATHS = (
					"$(inherited)",
					"@executable_path/Frameworks",
					"@loader_path/Frameworks",
				);
				SDKROOT = iphoneos;
				TARGETED_DEVICE_FAMILY = "1,2";
			};
			name = Debug;
		};
		7A97E774B9B3AE9844770CD3 /* Release */ = {
			isa = XCBuildConfiguration;
			buildSettings = {
				BUNDLE_LOADER = "$(TEST_HOST)";
				INFOPLIST_FILE = "core/CoreTests-Info.plist";
				LD_RUNPATH_SEARCH_PATHS = (
					"$(inherited)",
					"@executable_path/Frameworks",
					"@loader_path/Frameworks",
				);
				SDKROOT = iphoneos;
				TARGETED_DEVICE_FAMILY = "1,2";
			};
			name = Release;
		};
		95E54BA973C2914D9C21AB34 /* Debug */ = {
			isa = XCBuildConfiguration;
			buildSettings = {
				BUNDLE_LOADER = "$(TEST_HOST)";
				INFOPLIST_FILE = "domain/DomainTests-Info.plist";
				LD_RUNPATH_SEARCH_PATHS = (
					"$(inherited)",
					"@executable_path/Frameworks",
					"@loader_path/Frameworks",
				);
				SDKROOT = iphoneos;
				TARGETED_DEVICE_FAMILY = "1,2";
			};
			name = Debug;
		};
		9BE13F31E1C57201386C0312 /* Debug */ = {
			isa = XCBuildConfiguration;
			buildSettings = {
				ASSETCATALOG_COMPILER_APPICON_NAME = AppIcon;
				CODE_SIGN_ENTITLEMENTS = app/Debug.entitlements;
				CODE_SIGN_IDENTITY = "iPhone Developer";
				GENERATE_INFOPLIST_FILE = YES;
				INFOPLIST_FILE = app/Info.plist;
				IPHONEOS_DEPLOYMENT_TARGET = 15.0;
				LD_RUNPATH_SEARCH_PATHS = (
					"$(inherited)",
					"@executable_path/Frameworks",
				);
				MARKETING_VERSION = 1.3.3;
				PRODUCT_BUNDLE_IDENTIFIER = com.musicplayer.nusatech;
				SDKROOT = iphoneos;
				TARGETED_DEVICE_FAMILY = "1,2";
			};
			name = Debug;
		};
		A89F40CEB6C882B4BB1790FB /* Debug */ = {
			isa = XCBuildConfiguration;
			buildSettings = {
				ALWAYS_SEARCH_USER_PATHS = NO;
				CLANG_ANALYZER_NONNULL = YES;
				CLANG_ANALYZER_NUMBER_OBJECT_CONVERSION = YES_AGGRESSIVE;
				CLANG_CXX_LANGUAGE_STANDARD = "gnu++14";
				CLANG_CXX_LIBRARY = "libc++";
				CLANG_ENABLE_MODULES = YES;
				CLANG_ENABLE_OBJC_ARC = YES;
				CLANG_ENABLE_OBJC_WEAK = YES;
				CLANG_WARN_BLOCK_CAPTURE_AUTORELEASING = YES;
				CLANG_WARN_BOOL_CONVERSION = YES;
				CLANG_WARN_COMMA = YES;
				CLANG_WARN_CONSTANT_CONVERSION = YES;
				CLANG_WARN_DEPRECATED_OBJC_IMPLEMENTATIONS = YES;
				CLANG_WARN_DIRECT_OBJC_ISA_USAGE = YES_ERROR;
				CLANG_WARN_DOCUMENTATION_COMMENTS = YES;
				CLANG_WARN_EMPTY_BODY = YES;
				CLANG_WARN_ENUM_CONVERSION = YES;
				CLANG_WARN_INFINITE_RECURSION = YES;
				CLANG_WARN_INT_CONVERSION = YES;
				CLANG_WARN_NON_LITERAL_NULL_CONVERSION = YES;
				CLANG_WARN_OBJC_IMPLICIT_RETAIN_SELF = YES;
				CLANG_WARN_OBJC_LITERAL_CONVERSION = YES;
				CLANG_WARN_OBJC_ROOT_CLASS = YES_ERROR;
				CLANG_WARN_QUOTED_INCLUDE_IN_FRAMEWORK_HEADER = YES;
				CLANG_WARN_RANGE_LOOP_ANALYSIS = YES;
				CLANG_WARN_STRICT_PROTOTYPES = YES;
				CLANG_WARN_SUSPICIOUS_MOVE = YES;
				CLANG_WARN_UNGUARDED_AVAILABILITY = YES_AGGRESSIVE;
				CLANG_WARN_UNREACHABLE_CODE = YES;
				CLANG_WARN__DUPLICATE_METHOD_MATCH = YES;
				COPY_PHASE_STRIP = NO;
				CURRENT_PROJECT_VERSION = 14;
				DEBUG_INFORMATION_FORMAT = dwarf;
				ENABLE_STRICT_OBJC_MSGSEND = YES;
				ENABLE_TESTABILITY = YES;
				GCC_C_LANGUAGE_STANDARD = gnu11;
				GCC_DYNAMIC_NO_PIC = NO;
				GCC_NO_COMMON_BLOCKS = YES;
				GCC_OPTIMIZATION_LEVEL = 0;
				GCC_PREPROCESSOR_DEFINITIONS = (
					"$(inherited)",
					"DEBUG=1",
				);
				GCC_WARN_64_TO_32_BIT_CONVERSION = YES;
				GCC_WARN_ABOUT_RETURN_TYPE = YES_ERROR;
				GCC_WARN_UNDECLARED_SELECTOR = YES;
				GCC_WARN_UNINITIALIZED_AUTOS = YES_AGGRESSIVE;
				GCC_WARN_UNUSED_FUNCTION = YES;
				GCC_WARN_UNUSED_VARIABLE = YES;
				IPHONEOS_DEPLOYMENT_TARGET = 15.0;
				MARKETING_VERSION = 1.3.3;
				MTL_ENABLE_DEBUG_INFO = INCLUDE_SOURCE;
				MTL_FAST_MATH = YES;
				ONLY_ACTIVE_ARCH = YES;
				PRODUCT_NAME = "$(TARGET_NAME)";
				SDKROOT = iphoneos;
				SWIFT_ACTIVE_COMPILATION_CONDITIONS = DEBUG;
				SWIFT_OPTIMIZATION_LEVEL = "-Onone";
				SWIFT_VERSION = 5.0;
			};
			name = Debug;
		};
		BC30F94DC7D9605722E4B3BC /* Release */ = {
			isa = XCBuildConfiguration;
			buildSettings = {
				BUNDLE_LOADER = "$(TEST_HOST)";
				INFOPLIST_FILE = "domain/DomainTests-Info.plist";
				LD_RUNPATH_SEARCH_PATHS = (
					"$(inherited)",
					"@executable_path/Frameworks",
					"@loader_path/Frameworks",
				);
				SDKROOT = iphoneos;
				TARGETED_DEVICE_FAMILY = "1,2";
			};
			name = Release;
		};
		D2BC1B10CFFFD7C1C211A240 /* Release */ = {
			isa = XCBuildConfiguration;
			buildSettings = {
				ASSETCATALOG_COMPILER_APPICON_NAME = AppIcon;
				CODE_SIGN_ENTITLEMENTS = app/Debug.entitlements;
				CODE_SIGN_IDENTITY = "iPhone Developer";
				GENERATE_INFOPLIST_FILE = YES;
				INFOPLIST_FILE = app/Info.plist;
				IPHONEOS_DEPLOYMENT_TARGET = 15.0;
				LD_RUNPATH_SEARCH_PATHS = (
					"$(inherited)",
					"@executable_path/Frameworks",
				);
				MARKETING_VERSION = 1.3.3;
				PRODUCT_BUNDLE_IDENTIFIER = com.musicplayer.nusatech;
				SDKROOT = iphoneos;
				TARGETED_DEVICE_FAMILY = "1,2";
			};
			name = Release;
		};
		E414A137E803364AA0249CAA /* Debug */ = {
			isa = XCBuildConfiguration;
			buildSettings = {
				CODE_SIGN_IDENTITY = "";
				CURRENT_PROJECT_VERSION = 1;
				DEFINES_MODULE = YES;
				DYLIB_COMPATIBILITY_VERSION = 1;
				DYLIB_CURRENT_VERSION = 1;
				DYLIB_INSTALL_NAME_BASE = "@rpath";
				INFOPLIST_FILE = domain/Info.plist;
				INSTALL_PATH = "$(LOCAL_LIBRARY_DIR)/Frameworks";
				IPHONEOS_DEPLOYMENT_TARGET = 15.0;
				LD_RUNPATH_SEARCH_PATHS = (
					"$(inherited)",
					"@executable_path/Frameworks",
				);
				PRODUCT_BUNDLE_IDENTIFIER = com.musicplayer.nusatech.domain;
				SDKROOT = iphoneos;
				SKIP_INSTALL = YES;
				TARGETED_DEVICE_FAMILY = "1,2";
				VERSIONING_SYSTEM = "apple-generic";
			};
			name = Debug;
		};
/* End XCBuildConfiguration section */

/* Begin XCConfigurationList section */
		2039FF5C992AA5F9F7EF6E0B /* Build configuration list for PBXProject "MusicPlayer_Nusatech" */ = {
			isa = XCConfigurationList;
			buildConfigurations = (
				A89F40CEB6C882B4BB1790FB /* Debug */,
				24D492718D0B67AF21B372D9 /* Release */,
			);
			defaultConfigurationIsVisible = 0;
			defaultConfigurationName = Debug;
		};
		282B2787969F3354053E4138 /* Build configuration list for PBXNativeTarget "CoreTests" */ = {
			isa = XCConfigurationList;
			buildConfigurations = (
				47C970677C4013802DDE9177 /* Debug */,
				7A97E774B9B3AE9844770CD3 /* Release */,
			);
			defaultConfigurationIsVisible = 0;
			defaultConfigurationName = Debug;
		};
		36D944F9F64D5735A6EF4F0D /* Build configuration list for PBXNativeTarget "DomainTests" */ = {
			isa = XCConfigurationList;
			buildConfigurations = (
				95E54BA973C2914D9C21AB34 /* Debug */,
				BC30F94DC7D9605722E4B3BC /* Release */,
			);
			defaultConfigurationIsVisible = 0;
			defaultConfigurationName = Debug;
		};
		890192C2E441E576C36071D2 /* Build configuration list for PBXNativeTarget "Core" */ = {
			isa = XCConfigurationList;
			buildConfigurations = (
				173F911405AF914BEC974873 /* Debug */,
				3C6E4EA1F34F367CC51B8DFA /* Release */,
			);
			defaultConfigurationIsVisible = 0;
			defaultConfigurationName = Debug;
		};
		DBAF50A43ADE49CA09BA5929 /* Build configuration list for PBXNativeTarget "Domain" */ = {
			isa = XCConfigurationList;
			buildConfigurations = (
				E414A137E803364AA0249CAA /* Debug */,
				1A7895CEFD2F939AF125B15E /* Release */,
			);
			defaultConfigurationIsVisible = 0;
			defaultConfigurationName = Debug;
		};
		EB96CDC1B6158380CC58CFB0 /* Build configuration list for PBXNativeTarget "MusicPlayer_Nusatech" */ = {
			isa = XCConfigurationList;
			buildConfigurations = (
				9BE13F31E1C57201386C0312 /* Debug */,
				D2BC1B10CFFFD7C1C211A240 /* Release */,
			);
			defaultConfigurationIsVisible = 0;
			defaultConfigurationName = Debug;
		};
/* End XCConfigurationList section */

/* Begin XCRemoteSwiftPackageReference section */
		CC64AF1B9E2021C54B179747 /* XCRemoteSwiftPackageReference "Alamofire" */ = {
			isa = XCRemoteSwiftPackageReference;
			repositoryURL = "https://github.com/Alamofire/Alamofire.git";
			requirement = {
				kind = upToNextMinorVersion;
				minimumVersion = 5.2.2;
			};
		};
/* End XCRemoteSwiftPackageReference section */

/* Begin XCSwiftPackageProductDependency section */
		699C1600C25C0414F115B700 /* Alamofire */ = {
			isa = XCSwiftPackageProductDependency;
			package = CC64AF1B9E2021C54B179747 /* XCRemoteSwiftPackageReference "Alamofire" */;
			productName = Alamofire;
		};
		7EF0B0D809338E1AA37449D0 /* Alamofire */ = {
			isa = XCSwiftPackageProductDependency;
			package = CC64AF1B9E2021C54B179747 /* XCRemoteSwiftPackageReference "Alamofire" */;
			productName = Alamofire;
		};
/* End XCSwiftPackageProductDependency section */

/* Begin XCVersionGroup section */
		C149BFBE4BC64817CF2C1402 /* InstagramCloning_Uikit.xcdatamodeld */ = {
			isa = XCVersionGroup;
			children = (
				F1214C8C5022FCD6AEFFE9EC /* InstagramCloning_Uikit.xcdatamodel */,
			);
			currentVersion = F1214C8C5022FCD6AEFFE9EC /* InstagramCloning_Uikit.xcdatamodel */;
			path = InstagramCloning_Uikit.xcdatamodeld;
			sourceTree = "<group>";
			versionGroupType = wrapper.xcdatamodel;
		};
/* End XCVersionGroup section */
	};
	rootObject = DA9A404443C0BCF551F1ACB8 /* Project object */;
}
