{
  "originHash" : "e8f130fe30ac6cdc940ef06ee1e8535e9f46ffee6aeead1722b9525562f6ce08",
  "pins" : [
    {
      "identity" : "alamofire",
      "kind" : "remoteSourceControl",
      "location" : "https://github.com/Alamofire/Alamofire.git",
      "state" : {
        "revision" : "becd9a729a37bdbef5bc39dc3c702b99f9e3d046",
        "version" : "5.2.2"
      }
    }
  ],
  "version" : 3
}
